
Microsoft Visual Studio Solution File, Format Version 12.00
# Visual Studio Version 16
VisualStudioVersion = 16.0.29418.71
MinimumVisualStudioVersion = 10.0.40219.1
Project("{9A19103F-16F7-4668-BE54-9A1E7A4F7556}") = "RestApi.Client.Abstractions", "RestApi.Client.Abstractions\RestApi.Client.Abstractions.csproj", "{FFF05AF0-8C87-4A98-9C99-69661115A662}"
EndProject
Project("{9A19103F-16F7-4668-BE54-9A1E7A4F7556}") = "RestApi.Client", "RestApi.Client\RestApi.Client.csproj", "{0FBC5489-FAAE-4529-87DF-AB09BDB865F5}"
EndProject
Project("{2150E333-8FDC-42A3-9474-1A3956D46DE8}") = "Solution Items", "Solution Items", "{69F0157C-440C-494D-8020-01BF0C952F62}"
	ProjectSection(SolutionItems) = preProject
		Directory.Build.props = Directory.Build.props
	EndProjectSection
EndProject
Project("{2150E333-8FDC-42A3-9474-1A3956D46DE8}") = "Authentication", "Authentication", "{AACBEC0D-272A-4B28-913C-F370A5BB2DA7}"
	ProjectSection(SolutionItems) = preProject
		Authentication\Directory.Build.props = Authentication\Directory.Build.props
	EndProjectSection
EndProject
Project("{2150E333-8FDC-42A3-9474-1A3956D46DE8}") = "ContentSerializer", "ContentSerializer", "{C6D07CD1-75B9-49B7-BA19-E80DB00647D2}"
	ProjectSection(SolutionItems) = preProject
		ContentSerializer\Directory.Build.props = ContentSerializer\Directory.Build.props
	EndProjectSection
EndProject
Project("{9A19103F-16F7-4668-BE54-9A1E7A4F7556}") = "RestApi.Client.Authentication.ApiKey", "Authentication\RestApi.Client.Authentication.ApiKey\RestApi.Client.Authentication.ApiKey.csproj", "{F381AEF2-C3CC-472A-BEB7-91046164354A}"
EndProject
Project("{9A19103F-16F7-4668-BE54-9A1E7A4F7556}") = "RestApi.Client.Authentication.Basic", "Authentication\RestApi.Client.Authentication.Basic\RestApi.Client.Authentication.Basic.csproj", "{45F26B5F-4DB7-4BB9-8973-FA5306211DDA}"
EndProject
Project("{9A19103F-16F7-4668-BE54-9A1E7A4F7556}") = "RestApi.Client.ContentSerializer.Json", "ContentSerializer\RestApi.Client.ContentSerializer.Json\RestApi.Client.ContentSerializer.Json.csproj", "{63143324-13DF-4CFE-8684-3A47495156EB}"
EndProject
Project("{9A19103F-16F7-4668-BE54-9A1E7A4F7556}") = "RestApi.Client.ContentSerializer.PlainText", "ContentSerializer\RestApi.Client.ContentSerializer.PlainText\RestApi.Client.ContentSerializer.PlainText.csproj", "{38AB2425-05CE-442A-BE9A-0C8FADBD8CFF}"
EndProject
Project("{9A19103F-16F7-4668-BE54-9A1E7A4F7556}") = "RestApi.Client.ContentSerializer.Xml", "ContentSerializer\RestApi.Client.ContentSerializer.Xml\RestApi.Client.ContentSerializer.Xml.csproj", "{9A49C5DB-9722-403A-9B4D-1AE30F80D1D5}"
EndProject
Project("{9A19103F-16F7-4668-BE54-9A1E7A4F7556}") = "RestApi.Client.Authentication.Bearer", "Authentication\RestApi.Client.Authentication.Bearer\RestApi.Client.Authentication.Bearer.csproj", "{CE7B670B-2C08-4535-AA0D-B408F027F96D}"
EndProject
Project("{9A19103F-16F7-4668-BE54-9A1E7A4F7556}") = "RestApi.Client.Authentication.OAuth2", "Authentication\RestApi.Client.Authentication.OAuth2\RestApi.Client.Authentication.OAuth2.csproj", "{76309C30-1ACB-4805-8273-46E807E84ED5}"
EndProject
Project("{9A19103F-16F7-4668-BE54-9A1E7A4F7556}") = "RestApi.Client.Authentication.TokenExtensions", "Authentication\RestApi.Client.Authentication.TokenExtensions\RestApi.Client.Authentication.TokenExtensions.csproj", "{F3B1DEA4-0A33-441F-ADFF-9CD4F2D28FE8}"
EndProject
Global
	GlobalSection(SolutionConfigurationPlatforms) = preSolution
		Debug|Any CPU = Debug|Any CPU
		Release|Any CPU = Release|Any CPU
	EndGlobalSection
	GlobalSection(ProjectConfigurationPlatforms) = postSolution
		{FFF05AF0-8C87-4A98-9C99-69661115A662}.Debug|Any CPU.ActiveCfg = Debug|Any CPU
		{FFF05AF0-8C87-4A98-9C99-69661115A662}.Debug|Any CPU.Build.0 = Debug|Any CPU
		{FFF05AF0-8C87-4A98-9C99-69661115A662}.Release|Any CPU.ActiveCfg = Release|Any CPU
		{FFF05AF0-8C87-4A98-9C99-69661115A662}.Release|Any CPU.Build.0 = Release|Any CPU
		{0FBC5489-FAAE-4529-87DF-AB09BDB865F5}.Debug|Any CPU.ActiveCfg = Debug|Any CPU
		{0FBC5489-FAAE-4529-87DF-AB09BDB865F5}.Debug|Any CPU.Build.0 = Debug|Any CPU
		{0FBC5489-FAAE-4529-87DF-AB09BDB865F5}.Release|Any CPU.ActiveCfg = Release|Any CPU
		{0FBC5489-FAAE-4529-87DF-AB09BDB865F5}.Release|Any CPU.Build.0 = Release|Any CPU
		{F381AEF2-C3CC-472A-BEB7-91046164354A}.Debug|Any CPU.ActiveCfg = Debug|Any CPU
		{F381AEF2-C3CC-472A-BEB7-91046164354A}.Debug|Any CPU.Build.0 = Debug|Any CPU
		{F381AEF2-C3CC-472A-BEB7-91046164354A}.Release|Any CPU.ActiveCfg = Release|Any CPU
		{F381AEF2-C3CC-472A-BEB7-91046164354A}.Release|Any CPU.Build.0 = Release|Any CPU
		{45F26B5F-4DB7-4BB9-8973-FA5306211DDA}.Debug|Any CPU.ActiveCfg = Debug|Any CPU
		{45F26B5F-4DB7-4BB9-8973-FA5306211DDA}.Debug|Any CPU.Build.0 = Debug|Any CPU
		{45F26B5F-4DB7-4BB9-8973-FA5306211DDA}.Release|Any CPU.ActiveCfg = Release|Any CPU
		{45F26B5F-4DB7-4BB9-8973-FA5306211DDA}.Release|Any CPU.Build.0 = Release|Any CPU
		{63143324-13DF-4CFE-8684-3A47495156EB}.Debug|Any CPU.ActiveCfg = Debug|Any CPU
		{63143324-13DF-4CFE-8684-3A47495156EB}.Debug|Any CPU.Build.0 = Debug|Any CPU
		{63143324-13DF-4CFE-8684-3A47495156EB}.Release|Any CPU.ActiveCfg = Release|Any CPU
		{63143324-13DF-4CFE-8684-3A47495156EB}.Release|Any CPU.Build.0 = Release|Any CPU
		{38AB2425-05CE-442A-BE9A-0C8FADBD8CFF}.Debug|Any CPU.ActiveCfg = Debug|Any CPU
		{38AB2425-05CE-442A-BE9A-0C8FADBD8CFF}.Debug|Any CPU.Build.0 = Debug|Any CPU
		{38AB2425-05CE-442A-BE9A-0C8FADBD8CFF}.Release|Any CPU.ActiveCfg = Release|Any CPU
		{38AB2425-05CE-442A-BE9A-0C8FADBD8CFF}.Release|Any CPU.Build.0 = Release|Any CPU
		{9A49C5DB-9722-403A-9B4D-1AE30F80D1D5}.Debug|Any CPU.ActiveCfg = Debug|Any CPU
		{9A49C5DB-9722-403A-9B4D-1AE30F80D1D5}.Debug|Any CPU.Build.0 = Debug|Any CPU
		{9A49C5DB-9722-403A-9B4D-1AE30F80D1D5}.Release|Any CPU.ActiveCfg = Release|Any CPU
		{9A49C5DB-9722-403A-9B4D-1AE30F80D1D5}.Release|Any CPU.Build.0 = Release|Any CPU
		{CE7B670B-2C08-4535-AA0D-B408F027F96D}.Debug|Any CPU.ActiveCfg = Debug|Any CPU
		{CE7B670B-2C08-4535-AA0D-B408F027F96D}.Debug|Any CPU.Build.0 = Debug|Any CPU
		{CE7B670B-2C08-4535-AA0D-B408F027F96D}.Release|Any CPU.ActiveCfg = Release|Any CPU
		{CE7B670B-2C08-4535-AA0D-B408F027F96D}.Release|Any CPU.Build.0 = Release|Any CPU
		{76309C30-1ACB-4805-8273-46E807E84ED5}.Debug|Any CPU.ActiveCfg = Debug|Any CPU
		{76309C30-1ACB-4805-8273-46E807E84ED5}.Debug|Any CPU.Build.0 = Debug|Any CPU
		{76309C30-1ACB-4805-8273-46E807E84ED5}.Release|Any CPU.ActiveCfg = Release|Any CPU
		{76309C30-1ACB-4805-8273-46E807E84ED5}.Release|Any CPU.Build.0 = Release|Any CPU
		{F3B1DEA4-0A33-441F-ADFF-9CD4F2D28FE8}.Debug|Any CPU.ActiveCfg = Debug|Any CPU
		{F3B1DEA4-0A33-441F-ADFF-9CD4F2D28FE8}.Debug|Any CPU.Build.0 = Debug|Any CPU
		{F3B1DEA4-0A33-441F-ADFF-9CD4F2D28FE8}.Release|Any CPU.ActiveCfg = Release|Any CPU
		{F3B1DEA4-0A33-441F-ADFF-9CD4F2D28FE8}.Release|Any CPU.Build.0 = Release|Any CPU
	EndGlobalSection
	GlobalSection(SolutionProperties) = preSolution
		HideSolutionNode = FALSE
	EndGlobalSection
	GlobalSection(NestedProjects) = preSolution
		{F381AEF2-C3CC-472A-BEB7-91046164354A} = {AACBEC0D-272A-4B28-913C-F370A5BB2DA7}
		{45F26B5F-4DB7-4BB9-8973-FA5306211DDA} = {AACBEC0D-272A-4B28-913C-F370A5BB2DA7}
		{63143324-13DF-4CFE-8684-3A47495156EB} = {C6D07CD1-75B9-49B7-BA19-E80DB00647D2}
		{38AB2425-05CE-442A-BE9A-0C8FADBD8CFF} = {C6D07CD1-75B9-49B7-BA19-E80DB00647D2}
		{9A49C5DB-9722-403A-9B4D-1AE30F80D1D5} = {C6D07CD1-75B9-49B7-BA19-E80DB00647D2}
		{CE7B670B-2C08-4535-AA0D-B408F027F96D} = {AACBEC0D-272A-4B28-913C-F370A5BB2DA7}
		{76309C30-1ACB-4805-8273-46E807E84ED5} = {AACBEC0D-272A-4B28-913C-F370A5BB2DA7}
		{F3B1DEA4-0A33-441F-ADFF-9CD4F2D28FE8} = {AACBEC0D-272A-4B28-913C-F370A5BB2DA7}
	EndGlobalSection
	GlobalSection(ExtensibilityGlobals) = postSolution
		SolutionGuid = {DE2F448D-3C7A-41CB-9BFD-F5C3CD6FA6F3}
	EndGlobalSection
EndGlobal
